
Microsoft Visual Studio Solution File, Format Version 12.00
# Visual Studio Version 17
VisualStudioVersion = 17.5.33402.96
MinimumVisualStudioVersion = 10.0.40219.1
Project("{9A19103F-16F7-4668-BE54-9A1E7A4F7556}") = "ASiNet.NPlus.Tcp", "ASiNet.NPlus.Tcp\ASiNet.NPlus.Tcp.csproj", "{F40B0E7A-4181-4D5D-9A52-03278D668851}"
EndProject
Project("{2150E333-8FDC-42A3-9474-1A3956D46DE8}") = "Tests", "Tests", "{3F9D265F-932F-4BBF-9AF3-A9E527FF5578}"
EndProject
Project("{FAE04EC0-301F-11D3-BF4B-00C04F79EFBC}") = "TestS", "TestS\TestS.csproj", "{8D2D3A0B-636D-4569-B75A-3C5B974205C1}"
EndProject
Project("{FAE04EC0-301F-11D3-BF4B-00C04F79EFBC}") = "TestC", "TestC\TestC.csproj", "{B8B7B31F-F083-466C-A472-0A0795F8E953}"
EndProject
Global
	GlobalSection(SolutionConfigurationPlatforms) = preSolution
		Debug|Any CPU = Debug|Any CPU
		Release|Any CPU = Release|Any CPU
	EndGlobalSection
	GlobalSection(ProjectConfigurationPlatforms) = postSolution
		{F40B0E7A-4181-4D5D-9A52-03278D668851}.Debug|Any CPU.ActiveCfg = Debug|Any CPU
		{F40B0E7A-4181-4D5D-9A52-03278D668851}.Debug|Any CPU.Build.0 = Debug|Any CPU
		{F40B0E7A-4181-4D5D-9A52-03278D668851}.Release|Any CPU.ActiveCfg = Release|Any CPU
		{F40B0E7A-4181-4D5D-9A52-03278D668851}.Release|Any CPU.Build.0 = Release|Any CPU
		{8D2D3A0B-636D-4569-B75A-3C5B974205C1}.Debug|Any CPU.ActiveCfg = Debug|Any CPU
		{8D2D3A0B-636D-4569-B75A-3C5B974205C1}.Debug|Any CPU.Build.0 = Debug|Any CPU
		{8D2D3A0B-636D-4569-B75A-3C5B974205C1}.Release|Any CPU.ActiveCfg = Release|Any CPU
		{8D2D3A0B-636D-4569-B75A-3C5B974205C1}.Release|Any CPU.Build.0 = Release|Any CPU
		{B8B7B31F-F083-466C-A472-0A0795F8E953}.Debug|Any CPU.ActiveCfg = Debug|Any CPU
		{B8B7B31F-F083-466C-A472-0A0795F8E953}.Debug|Any CPU.Build.0 = Debug|Any CPU
		{B8B7B31F-F083-466C-A472-0A0795F8E953}.Release|Any CPU.ActiveCfg = Release|Any CPU
		{B8B7B31F-F083-466C-A472-0A0795F8E953}.Release|Any CPU.Build.0 = Release|Any CPU
	EndGlobalSection
	GlobalSection(SolutionProperties) = preSolution
		HideSolutionNode = FALSE
	EndGlobalSection
	GlobalSection(NestedProjects) = preSolution
		{8D2D3A0B-636D-4569-B75A-3C5B974205C1} = {3F9D265F-932F-4BBF-9AF3-A9E527FF5578}
		{B8B7B31F-F083-466C-A472-0A0795F8E953} = {3F9D265F-932F-4BBF-9AF3-A9E527FF5578}
	EndGlobalSection
	GlobalSection(ExtensibilityGlobals) = postSolution
		SolutionGuid = {C48F8676-B79F-4D57-B32D-AA9B27270EFC}
	EndGlobalSection
EndGlobal
