
Microsoft Visual Studio Solution File, Format Version 12.00
# Visual Studio Version 17
VisualStudioVersion = 17.5.33402.96
MinimumVisualStudioVersion = 10.0.40219.1
Project("{9A19103F-16F7-4668-BE54-9A1E7A4F7556}") = "ASiNet.NPlus.Tcp", "ASiNet.NPlus.Tcp\ASiNet.NPlus.Tcp.csproj", "{F40B0E7A-4181-4D5D-9A52-03278D668851}"
EndProject
Project("{2150E333-8FDC-42A3-9474-1A3956D46DE8}") = "Tests", "Tests", "{3F9D265F-932F-4BBF-9AF3-A9E527FF5578}"
EndProject
Project("{9A19103F-16F7-4668-BE54-9A1E7A4F7556}") = "TestS", "TestS\TestS.csproj", "{8D2D3A0B-636D-4569-B75A-3C5B974205C1}"
EndProject
Project("{9A19103F-16F7-4668-BE54-9A1E7A4F7556}") = "TestC", "TestC\TestC.csproj", "{B8B7B31F-F083-466C-A472-0A0795F8E953}"
EndProject
Project("{9A19103F-16F7-4668-BE54-9A1E7A4F7556}") = "ASiNet.NPlus.ServerModel", "ASiNet.NPlus.ServerModel\ASiNet.NPlus.ServerModel.csproj", "{ADB80DE4-E37F-4382-98DA-80F6C3356CC3}"
EndProject
Project("{9A19103F-16F7-4668-BE54-9A1E7A4F7556}") = "ASiNet.NPlus.Core", "ASiNet.NPlus.Core\ASiNet.NPlus.Core.csproj", "{65463E3B-A5FA-4661-A3D0-D254A0B0739D}"
EndProject
Project("{9A19103F-16F7-4668-BE54-9A1E7A4F7556}") = "ASiNetNPlus.ServerModel.Client", "ASiNetNPlus.ServerModel.Client\ASiNetNPlus.ServerModel.Client.csproj", "{E4255BA2-2D11-4655-9F46-F710012FA89B}"
EndProject
Project("{2150E333-8FDC-42A3-9474-1A3956D46DE8}") = "ServerModel", "ServerModel", "{FB94C03E-E6DC-49C4-A8A4-969C3CFAFAB3}"
EndProject
Global
	GlobalSection(SolutionConfigurationPlatforms) = preSolution
		Debug|Any CPU = Debug|Any CPU
		Release|Any CPU = Release|Any CPU
	EndGlobalSection
	GlobalSection(ProjectConfigurationPlatforms) = postSolution
		{F40B0E7A-4181-4D5D-9A52-03278D668851}.Debug|Any CPU.ActiveCfg = Debug|Any CPU
		{F40B0E7A-4181-4D5D-9A52-03278D668851}.Debug|Any CPU.Build.0 = Debug|Any CPU
		{F40B0E7A-4181-4D5D-9A52-03278D668851}.Release|Any CPU.ActiveCfg = Release|Any CPU
		{F40B0E7A-4181-4D5D-9A52-03278D668851}.Release|Any CPU.Build.0 = Release|Any CPU
		{8D2D3A0B-636D-4569-B75A-3C5B974205C1}.Debug|Any CPU.ActiveCfg = Debug|Any CPU
		{8D2D3A0B-636D-4569-B75A-3C5B974205C1}.Debug|Any CPU.Build.0 = Debug|Any CPU
		{8D2D3A0B-636D-4569-B75A-3C5B974205C1}.Release|Any CPU.ActiveCfg = Release|Any CPU
		{8D2D3A0B-636D-4569-B75A-3C5B974205C1}.Release|Any CPU.Build.0 = Release|Any CPU
		{B8B7B31F-F083-466C-A472-0A0795F8E953}.Debug|Any CPU.ActiveCfg = Debug|Any CPU
		{B8B7B31F-F083-466C-A472-0A0795F8E953}.Debug|Any CPU.Build.0 = Debug|Any CPU
		{B8B7B31F-F083-466C-A472-0A0795F8E953}.Release|Any CPU.ActiveCfg = Release|Any CPU
		{B8B7B31F-F083-466C-A472-0A0795F8E953}.Release|Any CPU.Build.0 = Release|Any CPU
		{ADB80DE4-E37F-4382-98DA-80F6C3356CC3}.Debug|Any CPU.ActiveCfg = Debug|Any CPU
		{ADB80DE4-E37F-4382-98DA-80F6C3356CC3}.Debug|Any CPU.Build.0 = Debug|Any CPU
		{ADB80DE4-E37F-4382-98DA-80F6C3356CC3}.Release|Any CPU.ActiveCfg = Release|Any CPU
		{ADB80DE4-E37F-4382-98DA-80F6C3356CC3}.Release|Any CPU.Build.0 = Release|Any CPU
		{65463E3B-A5FA-4661-A3D0-D254A0B0739D}.Debug|Any CPU.ActiveCfg = Debug|Any CPU
		{65463E3B-A5FA-4661-A3D0-D254A0B0739D}.Debug|Any CPU.Build.0 = Debug|Any CPU
		{65463E3B-A5FA-4661-A3D0-D254A0B0739D}.Release|Any CPU.ActiveCfg = Release|Any CPU
		{65463E3B-A5FA-4661-A3D0-D254A0B0739D}.Release|Any CPU.Build.0 = Release|Any CPU
		{E4255BA2-2D11-4655-9F46-F710012FA89B}.Debug|Any CPU.ActiveCfg = Debug|Any CPU
		{E4255BA2-2D11-4655-9F46-F710012FA89B}.Debug|Any CPU.Build.0 = Debug|Any CPU
		{E4255BA2-2D11-4655-9F46-F710012FA89B}.Release|Any CPU.ActiveCfg = Release|Any CPU
		{E4255BA2-2D11-4655-9F46-F710012FA89B}.Release|Any CPU.Build.0 = Release|Any CPU
	EndGlobalSection
	GlobalSection(SolutionProperties) = preSolution
		HideSolutionNode = FALSE
	EndGlobalSection
	GlobalSection(NestedProjects) = preSolution
		{8D2D3A0B-636D-4569-B75A-3C5B974205C1} = {3F9D265F-932F-4BBF-9AF3-A9E527FF5578}
		{B8B7B31F-F083-466C-A472-0A0795F8E953} = {3F9D265F-932F-4BBF-9AF3-A9E527FF5578}
		{ADB80DE4-E37F-4382-98DA-80F6C3356CC3} = {FB94C03E-E6DC-49C4-A8A4-969C3CFAFAB3}
		{65463E3B-A5FA-4661-A3D0-D254A0B0739D} = {FB94C03E-E6DC-49C4-A8A4-969C3CFAFAB3}
		{E4255BA2-2D11-4655-9F46-F710012FA89B} = {FB94C03E-E6DC-49C4-A8A4-969C3CFAFAB3}
	EndGlobalSection
	GlobalSection(ExtensibilityGlobals) = postSolution
		SolutionGuid = {C48F8676-B79F-4D57-B32D-AA9B27270EFC}
	EndGlobalSection
EndGlobal
